lockfileVersion: '9.0'

settings:
  autoInstallPeers: true
  excludeLinksFromLockfile: false

importers:

  .:
    dependencies:
      ai:
        specifier: ^3.4.9
        version: 3.4.9(openai@4.67.1(zod@3.23.8))(react@18.3.1)(sswr@2.1.0(svelte@4.2.19))(svelte@4.2.19)(vue@3.5.11)(zod@3.23.8)
      openai:
        specifier: ^4.67.1
        version: 4.67.1(zod@3.23.8)

packages:

  '@ai-sdk/provider-utils@1.0.20':
    resolution: {integrity: sha512-ngg/RGpnA00eNOWEtXHenpX1MsM2QshQh4QJFjUfwcqHpM5kTfG7je7Rc3HcEDP+OkRVv2GF+X4fC1Vfcnl8Ow==}
    engines: {node: '>=18'}
    peerDependencies:
      zod: ^3.0.0
    peerDependenciesMeta:
      zod:
        optional: true

  '@ai-sdk/provider@0.0.24':
    resolution: {integrity: sha512-XMsNGJdGO+L0cxhhegtqZ8+T6nn4EoShS819OvCgI2kLbYTIvk0GWFGD0AXJmxkxs3DrpsJxKAFukFR7bvTkgQ==}
    engines: {node: '>=18'}

  '@ai-sdk/react@0.0.62':
    resolution: {integrity: sha512-1asDpxgmeHWL0/EZPCLENxfOHT+0jce0z/zasRhascodm2S6f6/KZn5doLG9jdmarcb+GjMjFmmwyOVXz3W1xg==}
    engines: {node: '>=18'}
    peerDependencies:
      react: ^18 || ^19
      zod: ^3.0.0
    peerDependenciesMeta:
      react:
        optional: true
      zod:
        optional: true

  '@ai-sdk/solid@0.0.49':
    resolution: {integrity: sha512-KnfWTt640cS1hM2fFIba8KHSPLpOIWXtEm28pNCHTvqasVKlh2y/zMQANTwE18pF2nuXL9P9F5/dKWaPsaEzQw==}
    engines: {node: '>=18'}
    peerDependencies:
      solid-js: ^1.7.7
    peerDependenciesMeta:
      solid-js:
        optional: true

  '@ai-sdk/svelte@0.0.51':
    resolution: {integrity: sha512-aIZJaIds+KpCt19yUDCRDWebzF/17GCY7gN9KkcA2QM6IKRO5UmMcqEYja0ZmwFQPm1kBZkF2njhr8VXis2mAw==}
    engines: {node: '>=18'}
    peerDependencies:
      svelte: ^3.0.0 || ^4.0.0
    peerDependenciesMeta:
      svelte:
        optional: true

  '@ai-sdk/ui-utils@0.0.46':
    resolution: {integrity: sha512-ZG/wneyJG+6w5Nm/hy1AKMuRgjPQToAxBsTk61c9sVPUTaxo+NNjM2MhXQMtmsja2N5evs8NmHie+ExEgpL3cA==}
    engines: {node: '>=18'}
    peerDependencies:
      zod: ^3.0.0
    peerDependenciesMeta:
      zod:
        optional: true

  '@ai-sdk/vue@0.0.54':
    resolution: {integrity: sha512-Ltu6gbuii8Qlp3gg7zdwdnHdS4M8nqKDij2VVO1223VOtIFwORFJzKqpfx44U11FW8z2TPVBYN+FjkyVIcN2hg==}
    engines: {node: '>=18'}
    peerDependencies:
      vue: ^3.3.4
    peerDependenciesMeta:
      vue:
        optional: true

  '@ampproject/remapping@2.3.0':
    resolution: {integrity: sha512-30iZtAPgz+LTIYoeivqYo853f02jBYSd5uGnGpkFV0M3xOt9aN73erkgYAmZU43x4VfqcnLxW9Kpg3R5LC4YYw==}
    engines: {node: '>=6.0.0'}

  '@babel/helper-string-parser@7.25.7':
    resolution: {integrity: sha512-CbkjYdsJNHFk8uqpEkpCvRs3YRp9tY6FmFY7wLMSYuGYkrdUi7r2lc4/wqsvlHoMznX3WJ9IP8giGPq68T/Y6g==}
    engines: {node: '>=6.9.0'}

  '@babel/helper-validator-identifier@7.25.7':
    resolution: {integrity: sha512-AM6TzwYqGChO45oiuPqwL2t20/HdMC1rTPAesnBCgPCSF1x3oN9MVUwQV2iyz4xqWrctwK5RNC8LV22kaQCNYg==}
    engines: {node: '>=6.9.0'}

  '@babel/parser@7.25.7':
    resolution: {integrity: sha512-aZn7ETtQsjjGG5HruveUK06cU3Hljuhd9Iojm4M8WWv3wLE6OkE5PWbDUkItmMgegmccaITudyuW5RPYrYlgWw==}
    engines: {node: '>=6.0.0'}
    hasBin: true

  '@babel/types@7.25.7':
    resolution: {integrity: sha512-vwIVdXG+j+FOpkwqHRcBgHLYNL7XMkufrlaFvL9o6Ai9sJn9+PdyIL5qa0XzTZw084c+u9LOls53eoZWP/W5WQ==}
    engines: {node: '>=6.9.0'}

  '@jridgewell/gen-mapping@0.3.5':
    resolution: {integrity: sha512-IzL8ZoEDIBRWEzlCcRhOaCupYyN5gdIK+Q6fbFdPDg6HqX6jpkItn7DFIpW9LQzXG6Df9sA7+OKnq0qlz/GaQg==}
    engines: {node: '>=6.0.0'}

  '@jridgewell/resolve-uri@3.1.2':
    resolution: {integrity: sha512-bRISgCIjP20/tbWSPWMEi54QVPRZExkuD9lJL+UIxUKtwVJA8wW1Trb1jMs1RFXo1CBTNZ/5hpC9QvmKWdopKw==}
    engines: {node: '>=6.0.0'}

  '@jridgewell/set-array@1.2.1':
    resolution: {integrity: sha512-R8gLRTZeyp03ymzP/6Lil/28tGeGEzhx1q2k703KGWRAI1VdvPIXdG70VJc2pAMw3NA6JKL5hhFu1sJX0Mnn/A==}
    engines: {node: '>=6.0.0'}

  '@jridgewell/sourcemap-codec@1.5.0':
    resolution: {integrity: sha512-gv3ZRaISU3fjPAgNsriBRqGWQL6quFx04YMPW/zD8XMLsU32mhCCbfbO6KZFLjvYpCZ8zyDEgqsgf+PwPaM7GQ==}

  '@jridgewell/trace-mapping@0.3.25':
    resolution: {integrity: sha512-vNk6aEwybGtawWmy/PzwnGDOjCkLWSD2wqvjGGAgOAwCGWySYXfYoxt00IJkTF+8Lb57DwOb3Aa0o9CApepiYQ==}

  '@opentelemetry/api@1.9.0':
    resolution: {integrity: sha512-3giAOQvZiH5F9bMlMiv8+GSPMeqg0dbaeo58/0SlA9sxSqZhnUtxzX9/2FzyhS9sWQf5S0GJE0AKBrFqjpeYcg==}
    engines: {node: '>=8.0.0'}

  '@types/diff-match-patch@1.0.36':
    resolution: {integrity: sha512-xFdR6tkm0MWvBfO8xXCSsinYxHcqkQUlcHeSpMC2ukzOb6lwQAfDmW+Qt0AvlGd8HpsS28qKsB+oPeJn9I39jg==}

  '@types/estree@1.0.6':
    resolution: {integrity: sha512-AYnb1nQyY49te+VRAVgmzfcgjYS91mY5P0TKUDCLEM+gNnA+3T6rWITXRLYCpahpqSQbN5cE+gHpnPyXjHWxcw==}

  '@types/node-fetch@2.6.11':
    resolution: {integrity: sha512-24xFj9R5+rfQJLRyM56qh+wnVSYhyXC2tkoBndtY0U+vubqNsYXGjufB2nn8Q6gt0LrARwL6UBtMCSVCwl4B1g==}

  '@types/node@18.19.54':
    resolution: {integrity: sha512-+BRgt0G5gYjTvdLac9sIeE0iZcJxi4Jc4PV5EUzqi+88jmQLr+fRZdv2tCTV7IHKSGxM6SaLoOXQWWUiLUItMw==}

  '@vue/compiler-core@3.5.11':
    resolution: {integrity: sha512-PwAdxs7/9Hc3ieBO12tXzmTD+Ln4qhT/56S+8DvrrZ4kLDn4Z/AMUr8tXJD0axiJBS0RKIoNaR0yMuQB9v9Udg==}

  '@vue/compiler-dom@3.5.11':
    resolution: {integrity: sha512-pyGf8zdbDDRkBrEzf8p7BQlMKNNF5Fk/Cf/fQ6PiUz9at4OaUfyXW0dGJTo2Vl1f5U9jSLCNf0EZJEogLXoeew==}

  '@vue/compiler-sfc@3.5.11':
    resolution: {integrity: sha512-gsbBtT4N9ANXXepprle+X9YLg2htQk1sqH/qGJ/EApl+dgpUBdTv3yP7YlR535uHZY3n6XaR0/bKo0BgwwDniw==}

  '@vue/compiler-ssr@3.5.11':
    resolution: {integrity: sha512-P4+GPjOuC2aFTk1Z4WANvEhyOykcvEd5bIj2KVNGKGfM745LaXGr++5njpdBTzVz5pZifdlR1kpYSJJpIlSePA==}

  '@vue/reactivity@3.5.11':
    resolution: {integrity: sha512-Nqo5VZEn8MJWlCce8XoyVqHZbd5P2NH+yuAaFzuNSR96I+y1cnuUiq7xfSG+kyvLSiWmaHTKP1r3OZY4mMD50w==}

  '@vue/runtime-core@3.5.11':
    resolution: {integrity: sha512-7PsxFGqwfDhfhh0OcDWBG1DaIQIVOLgkwA5q6MtkPiDFjp5gohVnJEahSktwSFLq7R5PtxDKy6WKURVN1UDbzA==}

  '@vue/runtime-dom@3.5.11':
    resolution: {integrity: sha512-GNghjecT6IrGf0UhuYmpgaOlN7kxzQBhxWEn08c/SQDxv1yy4IXI1bn81JgEpQ4IXjRxWtPyI8x0/7TF5rPfYQ==}

  '@vue/server-renderer@3.5.11':
    resolution: {integrity: sha512-cVOwYBxR7Wb1B1FoxYvtjJD8X/9E5nlH4VSkJy2uMA1MzYNdzAAB//l8nrmN9py/4aP+3NjWukf9PZ3TeWULaA==}
    peerDependencies:
      vue: 3.5.11

  '@vue/shared@3.5.11':
    resolution: {integrity: sha512-W8GgysJVnFo81FthhzurdRAWP/byq3q2qIw70e0JWblzVhjgOMiC2GyovXrZTFQJnFVryYaKGP3Tc9vYzYm6PQ==}

  abort-controller@3.0.0:
    resolution: {integrity: sha512-h8lQ8tacZYnR3vNQTgibj+tODHI5/+l06Au2Pcriv/Gmet0eaj4TwWH41sO9wnHDiQsEj19q0drzdWdeAHtweg==}
    engines: {node: '>=6.5'}

  acorn@8.12.1:
    resolution: {integrity: sha512-tcpGyI9zbizT9JbV6oYE477V6mTlXvvi0T0G3SNIYE2apm/G5huBa1+K89VGeovbg+jycCrfhl3ADxErOuO6Jg==}
    engines: {node: '>=0.4.0'}
    hasBin: true

  agentkeepalive@4.5.0:
    resolution: {integrity: sha512-5GG/5IbQQpC9FpkRGsSvZI5QYeSCzlJHdpBQntCsuTOxhKD8lqKhrleg2Yi7yvMIf82Ycmmqln9U8V9qwEiJew==}
    engines: {node: '>= 8.0.0'}

  ai@3.4.9:
    resolution: {integrity: sha512-wmVzpIHNGjCEjIJ/3945a/DIkz+gwObjC767ZRgO8AmtIZMO5KqvqNr7n2KF+gQrCPCMC8fM1ICQFXSvBZnBlA==}
    engines: {node: '>=18'}
    peerDependencies:
      openai: ^4.42.0
      react: ^18 || ^19
      sswr: ^2.1.0
      svelte: ^3.0.0 || ^4.0.0
      zod: ^3.0.0
    peerDependenciesMeta:
      openai:
        optional: true
      react:
        optional: true
      sswr:
        optional: true
      svelte:
        optional: true
      zod:
        optional: true

  aria-query@5.3.2:
    resolution: {integrity: sha512-COROpnaoap1E2F000S62r6A60uHZnmlvomhfyT2DlTcrY1OrBKn2UhH7qn5wTC9zMvD0AY7csdPSNwKP+7WiQw==}
    engines: {node: '>= 0.4'}

  asynckit@0.4.0:
    resolution: {integrity: sha512-Oei9OH4tRh0YqU3GxhX79dM/mwVgvbZJaSNaRk+bshkj0S5cfHcgYakreBjrHwatXKbz+IoIdYLxrKim2MjW0Q==}

  axobject-query@4.1.0:
    resolution: {integrity: sha512-qIj0G9wZbMGNLjLmg1PT6v2mE9AH2zlnADJD/2tC6E00hgmhUOfEB6greHPAfLRSufHqROIUTkw6E+M3lH0PTQ==}
    engines: {node: '>= 0.4'}

  chalk@5.3.0:
    resolution: {integrity: sha512-dLitG79d+GV1Nb/VYcCDFivJeK1hiukt9QjRNVOsUtTy1rR1YJsmpGGTZ3qJos+uw7WmWF4wUwBd9jxjocFC2w==}
    engines: {node: ^12.17.0 || ^14.13 || >=16.0.0}

  client-only@0.0.1:
    resolution: {integrity: sha512-IV3Ou0jSMzZrd3pZ48nLkT9DA7Ag1pnPzaiQhpW7c3RbcqqzvzzVu+L8gfqMp/8IM2MQtSiqaCxrrcfu8I8rMA==}

  code-red@1.0.4:
    resolution: {integrity: sha512-7qJWqItLA8/VPVlKJlFXU+NBlo/qyfs39aJcuMT/2ere32ZqvF5OSxgdM5xOfJJ7O429gg2HM47y8v9P+9wrNw==}

  combined-stream@1.0.8:
    resolution: {integrity: sha512-FQN4MRfuJeHf7cBbBMJFXhKSDq+2kAArBlmRBvcvFE5BB1HZKXtSFASDhdlz9zOYwxh8lDdnvmMOe/+5cdoEdg==}
    engines: {node: '>= 0.8'}

  css-tree@2.3.1:
    resolution: {integrity: sha512-6Fv1DV/TYw//QF5IzQdqsNDjx/wc8TrMBZsqjL9eW01tWb7R7k/mq+/VXfJCl7SoD5emsJop9cOByJZfs8hYIw==}
    engines: {node: ^10 || ^12.20.0 || ^14.13.0 || >=15.0.0}

  csstype@3.1.3:
    resolution: {integrity: sha512-M1uQkMl8rQK/szD0LNhtqxIPLpimGm8sOBwU7lLnCpSbTyY3yeU1Vc7l4KT5zT4s/yOxHH5O7tIuuLOCnLADRw==}

  delayed-stream@1.0.0:
    resolution: {integrity: sha512-ZySD7Nf91aLB0RxL4KGrKHBXl7Eds1DAmEdcoVawXnLD7SDhpNgtuII2aAkg7a7QS41jxPSZ17p4VdGnMHk3MQ==}
    engines: {node: '>=0.4.0'}

  diff-match-patch@1.0.5:
    resolution: {integrity: sha512-IayShXAgj/QMXgB0IWmKx+rOPuGMhqm5w6jvFxmVenXKIzRqTAAsbBPT3kWQeGANj3jGgvcvv4yK6SxqYmikgw==}

  entities@4.5.0:
    resolution: {integrity: sha512-V0hjH4dGPh9Ao5p0MoRY6BVqtwCjhz6vI5LT8AJ55H+4g9/4vbHx1I54fS0XuclLhDHArPQCiMjDxjaL8fPxhw==}
    engines: {node: '>=0.12'}

  estree-walker@2.0.2:
    resolution: {integrity: sha512-Rfkk/Mp/DL7JVje3u18FxFujQlTNR2q6QfMSMB7AvCBx91NGj/ba3kCfza0f6dVDbw7YlRf/nDrn7pQrCCyQ/w==}

  estree-walker@3.0.3:
    resolution: {integrity: sha512-7RUKfXgSMMkzt6ZuXmqapOurLGPPfgj6l9uRZ7lRGolvk0y2yocc35LdcxKC5PQZdn2DMqioAQ2NoWcrTKmm6g==}

  event-target-shim@5.0.1:
    resolution: {integrity: sha512-i/2XbnSz/uxRCU6+NdVJgKWDTM427+MqYbkQzD321DuCQJUqOuJKIA0IM2+W2xtYHdKOmZ4dR6fExsd4SXL+WQ==}
    engines: {node: '>=6'}

  eventsource-parser@1.1.2:
    resolution: {integrity: sha512-v0eOBUbiaFojBu2s2NPBfYUoRR9GjcDNvCXVaqEf5vVfpIAh9f8RCo4vXTP8c63QRKCFwoLpMpTdPwwhEKVgzA==}
    engines: {node: '>=14.18'}

  form-data-encoder@1.7.2:
    resolution: {integrity: sha512-qfqtYan3rxrnCk1VYaA4H+Ms9xdpPqvLZa6xmMgFvhO32x7/3J/ExcTd6qpxM0vH2GdMI+poehyBZvqfMTto8A==}

  form-data@4.0.0:
    resolution: {integrity: sha512-ETEklSGi5t0QMZuiXoA/Q6vcnxcLQP5vdugSpuAyi6SVGi2clPPp+xgEhuMaHC+zGgn31Kd235W35f7Hykkaww==}
    engines: {node: '>= 6'}

  formdata-node@4.4.1:
    resolution: {integrity: sha512-0iirZp3uVDjVGt9p49aTaqjk84TrglENEDuqfdlZQ1roC9CWlPk6Avf8EEnZNcAqPonwkG35x4n3ww/1THYAeQ==}
    engines: {node: '>= 12.20'}

  humanize-ms@1.2.1:
    resolution: {integrity: sha512-Fl70vYtsAFb/C06PTS9dZBo7ihau+Tu/DNCk/OyHhea07S+aeMWpFFkUaXRa8fI+ScZbEI8dfSxwY7gxZ9SAVQ==}

  is-reference@3.0.2:
    resolution: {integrity: sha512-v3rht/LgVcsdZa3O2Nqs+NMowLOxeOm7Ay9+/ARQ2F+qEoANRcqrjAZKGN0v8ymUetZGgkp26LTnGT7H0Qo9Pg==}

  js-tokens@4.0.0:
    resolution: {integrity: sha512-RdJUflcE3cUzKiMqQgsCu06FPu9UdIJO0beYbPhHN4k6apgJtifcoCtT9bcxOpYBtpD2kCM6Sbzg4CausW/PKQ==}

  json-schema@0.4.0:
    resolution: {integrity: sha512-es94M3nTIfsEPisRafak+HDLfHXnKBhV3vU5eqPcS3flIWqcxJWgXHXiey3YrpaNsanY5ei1VoYEbOzijuq9BA==}

  jsondiffpatch@0.6.0:
    resolution: {integrity: sha512-3QItJOXp2AP1uv7waBkao5nCvhEv+QmJAd38Ybq7wNI74Q+BBmnLn4EDKz6yI9xGAIQoUF87qHt+kc1IVxB4zQ==}
    engines: {node: ^18.0.0 || >=20.0.0}
    hasBin: true

  locate-character@3.0.0:
    resolution: {integrity: sha512-SW13ws7BjaeJ6p7Q6CO2nchbYEc3X3J6WrmTTDto7yMPqVSZTUyY5Tjbid+Ab8gLnATtygYtiDIJGQRRn2ZOiA==}

  loose-envify@1.4.0:
    resolution: {integrity: sha512-lyuxPGr/Wfhrlem2CL/UcnUc1zcqKAImBDzukY7Y5F/yQiNdko6+fRLevlw1HgMySw7f611UIY408EtxRSoK3Q==}
    hasBin: true

  magic-string@0.30.11:
    resolution: {integrity: sha512-+Wri9p0QHMy+545hKww7YAu5NyzF8iomPL/RQazugQ9+Ez4Ic3mERMd8ZTX5rfK944j+560ZJi8iAwgak1Ac7A==}

  mdn-data@2.0.30:
    resolution: {integrity: sha512-GaqWWShW4kv/G9IEucWScBx9G1/vsFZZJUO+tD26M8J8z3Kw5RDQjaoZe03YAClgeS/SWPOcb4nkFBTEi5DUEA==}

  mime-db@1.52.0:
    resolution: {integrity: sha512-sPU4uV7dYlvtWJxwwxHD0PuihVNiE7TyAbQ5SWxDCB9mUYvOgroQOwYQQOKPJ8CIbE+1ETVlOoK1UC2nU3gYvg==}
    engines: {node: '>= 0.6'}

  mime-types@2.1.35:
    resolution: {integrity: sha512-ZDY+bPm5zTTF+YpCrAU9nK0UgICYPT0QtT1NZWFv4s++TNkcgVaT0g6+4R2uI4MjQjzysHB1zxuWL50hzaeXiw==}
    engines: {node: '>= 0.6'}

  ms@2.1.3:
    resolution: {integrity: sha512-6FlzubTLZG3J2a/NVCAleEhjzq5oxgHyaCU9yYXvcLsvoVaHJq/s5xXI6/XXP6tz7R9xAOtHnSO/tXtF3WRTlA==}

  nanoid@3.3.6:
    resolution: {integrity: sha512-BGcqMMJuToF7i1rt+2PWSNVnWIkGCU78jBG3RxO/bZlnZPK2Cmi2QaffxGO/2RvWi9sL+FAiRiXMgsyxQ1DIDA==}
    engines: {node: ^10 || ^12 || ^13.7 || ^14 || >=15.0.1}
    hasBin: true

  nanoid@3.3.7:
    resolution: {integrity: sha512-eSRppjcPIatRIMC1U6UngP8XFcz8MQWGQdt1MTBQ7NaAmvXDfvNxbvWV3x2y6CdEUciCSsDHDQZbhYaB8QEo2g==}
    engines: {node: ^10 || ^12 || ^13.7 || ^14 || >=15.0.1}
    hasBin: true

  node-domexception@1.0.0:
    resolution: {integrity: sha512-/jKZoMpw0F8GRwl4/eLROPA3cfcXtLApP0QzLmUT/HuPCZWyB7IY9ZrMeKw2O/nFIqPQB3PVM9aYm0F312AXDQ==}
    engines: {node: '>=10.5.0'}

  node-fetch@2.7.0:
    resolution: {integrity: sha512-c4FRfUm/dbcWZ7U+1Wq0AwCyFL+3nt2bEw05wfxSz+DWpWsitgmSgYmy2dQdWyKC1694ELPqMs/YzUSNozLt8A==}
    engines: {node: 4.x || >=6.0.0}
    peerDependencies:
      encoding: ^0.1.0
    peerDependenciesMeta:
      encoding:
        optional: true

  openai@4.67.1:
    resolution: {integrity: sha512-2YbRFy6qaYRJabK2zLMn4txrB2xBy0KP5g/eoqeSPTT31mIJMnkT75toagvfE555IKa2RdrzJrZwdDsUipsAMw==}
    hasBin: true
    peerDependencies:
      zod: ^3.23.8
    peerDependenciesMeta:
      zod:
        optional: true

  periscopic@3.1.0:
    resolution: {integrity: sha512-vKiQ8RRtkl9P+r/+oefh25C3fhybptkHKCZSPlcXiJux2tJF55GnEj3BVn4A5gKfq9NWWXXrxkHBwVPUfH0opw==}

  picocolors@1.1.0:
    resolution: {integrity: sha512-TQ92mBOW0l3LeMeyLV6mzy/kWr8lkd/hp3mTg7wYK7zJhuBStmGMBG0BdeDZS/dZx1IukaX6Bk11zcln25o1Aw==}

  postcss@8.4.47:
    resolution: {integrity: sha512-56rxCq7G/XfB4EkXq9Egn5GCqugWvDFjafDOThIdMBsI15iqPqR5r15TfSr1YPYeEI19YeaXMCbY6u88Y76GLQ==}
    engines: {node: ^10 || ^12 || >=14}

  react@18.3.1:
    resolution: {integrity: sha512-wS+hAgJShR0KhEvPJArfuPVN1+Hz1t0Y6n5jLrGQbkb4urgPE/0Rve+1kMB1v/oWgHgm4WIcV+i7F2pTVj+2iQ==}
    engines: {node: '>=0.10.0'}

  secure-json-parse@2.7.0:
    resolution: {integrity: sha512-6aU+Rwsezw7VR8/nyvKTx8QpWH9FrcYiXXlqC4z5d5XQBDRqtbfsRjnwGyqbi3gddNtWHuEk9OANUotL26qKUw==}

  source-map-js@1.2.1:
    resolution: {integrity: sha512-UXWMKhLOwVKb728IUtQPXxfYU+usdybtUrK/8uGE8CQMvrhOpwvzDBwj0QhSL7MQc7vIsISBG8VQ8+IDQxpfQA==}
    engines: {node: '>=0.10.0'}

  sswr@2.1.0:
    resolution: {integrity: sha512-Cqc355SYlTAaUt8iDPaC/4DPPXK925PePLMxyBKuWd5kKc5mwsG3nT9+Mq2tyguL5s7b4Jg+IRMpTRsNTAfpSQ==}
    peerDependencies:
      svelte: ^4.0.0 || ^5.0.0-next.0

  svelte@4.2.19:
    resolution: {integrity: sha512-IY1rnGr6izd10B0A8LqsBfmlT5OILVuZ7XsI0vdGPEvuonFV7NYEUK4dAkm9Zg2q0Um92kYjTpS1CAP3Nh/KWw==}
    engines: {node: '>=16'}

  swr@2.2.5:
    resolution: {integrity: sha512-QtxqyclFeAsxEUeZIYmsaQ0UjimSq1RZ9Un7I68/0ClKK/U3LoyQunwkQfJZr2fc22DfIXLNDc2wFyTEikCUpg==}
    peerDependencies:
      react: ^16.11.0 || ^17.0.0 || ^18.0.0

  swrev@4.0.0:
    resolution: {integrity: sha512-LqVcOHSB4cPGgitD1riJ1Hh4vdmITOp+BkmfmXRh4hSF/t7EnS4iD+SOTmq7w5pPm/SiPeto4ADbKS6dHUDWFA==}

  swrv@1.0.4:
    resolution: {integrity: sha512-zjEkcP8Ywmj+xOJW3lIT65ciY/4AL4e/Or7Gj0MzU3zBJNMdJiT8geVZhINavnlHRMMCcJLHhraLTAiDOTmQ9g==}
    peerDependencies:
      vue: '>=3.2.26 < 4'

  to-fast-properties@2.0.0:
    resolution: {integrity: sha512-/OaKK0xYrs3DmxRYqL/yDc+FxFUVYhDlXMhRmv3z915w2HF1tnN1omB354j8VUGO/hbRzyD6Y3sA7v7GS/ceog==}
    engines: {node: '>=4'}

  tr46@0.0.3:
    resolution: {integrity: sha512-N3WMsuqV66lT30CrXNbEjx4GEwlow3v6rr4mCcv6prnfwhS01rkgyFdjPNBYd9br7LpXV1+Emh01fHnq2Gdgrw==}

  undici-types@5.26.5:
    resolution: {integrity: sha512-JlCMO+ehdEIKqlFxk6IfVoAUVmgz7cU7zD/h9XZ0qzeosSHmUJVOzSQvvYSYWXkFXC+IfLKSIffhv0sVZup6pA==}

  use-sync-external-store@1.2.2:
    resolution: {integrity: sha512-PElTlVMwpblvbNqQ82d2n6RjStvdSoNe9FG28kNfz3WiXilJm4DdNkEzRhCZuIDwY8U08WVihhGR5iRqAwfDiw==}
    peerDependencies:
      react: ^16.8.0 || ^17.0.0 || ^18.0.0

  vue@3.5.11:
    resolution: {integrity: sha512-/8Wurrd9J3lb72FTQS7gRMNQD4nztTtKPmuDuPuhqXmmpD6+skVjAeahNpVzsuky6Sy9gy7wn8UadqPtt9SQIg==}
    peerDependencies:
      typescript: '*'
    peerDependenciesMeta:
      typescript:
        optional: true

  web-streams-polyfill@4.0.0-beta.3:
    resolution: {integrity: sha512-QW95TCTaHmsYfHDybGMwO5IJIM93I/6vTRk+daHTWFPhwh+C8Cg7j7XyKrwrj8Ib6vYXe0ocYNrmzY4xAAN6ug==}
    engines: {node: '>= 14'}

  webidl-conversions@3.0.1:
    resolution: {integrity: sha512-2JAn3z8AR6rjK8Sm8orRC0h/bcl/DqL7tRPdGZ4I1CjdF+EaMLmYxBHyXuKL849eucPFhvBoxMsflfOb8kxaeQ==}

  whatwg-url@5.0.0:
    resolution: {integrity: sha512-saE57nupxk6v3HY35+jzBwYa0rKSy0XR8JSxZPwgLr7ys0IBzhGviA1/TUGJLmSVqs8pb9AnvICXEuOHLprYTw==}

  zod-to-json-schema@3.23.2:
    resolution: {integrity: sha512-uSt90Gzc/tUfyNqxnjlfBs8W6WSGpNBv0rVsNxP/BVSMHMKGdthPYff4xtCHYloJGM0CFxFsb3NbC0eqPhfImw==}
    peerDependencies:
      zod: ^3.23.3

  zod@3.23.8:
    resolution: {integrity: sha512-XBx9AXhXktjUqnepgTiE5flcKIYWi/rme0Eaj+5Y0lftuGBq+jyRu/md4WnuxqgP1ubdpNCsYEYPxrzVHD8d6g==}

snapshots:

  '@ai-sdk/provider-utils@1.0.20(zod@3.23.8)':
    dependencies:
      '@ai-sdk/provider': 0.0.24
      eventsource-parser: 1.1.2
      nanoid: 3.3.6
      secure-json-parse: 2.7.0
    optionalDependencies:
      zod: 3.23.8

  '@ai-sdk/provider@0.0.24':
    dependencies:
      json-schema: 0.4.0

  '@ai-sdk/react@0.0.62(react@18.3.1)(zod@3.23.8)':
    dependencies:
      '@ai-sdk/provider-utils': 1.0.20(zod@3.23.8)
      '@ai-sdk/ui-utils': 0.0.46(zod@3.23.8)
      swr: 2.2.5(react@18.3.1)
    optionalDependencies:
      react: 18.3.1
      zod: 3.23.8

  '@ai-sdk/solid@0.0.49(zod@3.23.8)':
    dependencies:
      '@ai-sdk/provider-utils': 1.0.20(zod@3.23.8)
      '@ai-sdk/ui-utils': 0.0.46(zod@3.23.8)
    transitivePeerDependencies:
      - zod

  '@ai-sdk/svelte@0.0.51(svelte@4.2.19)(zod@3.23.8)':
    dependencies:
      '@ai-sdk/provider-utils': 1.0.20(zod@3.23.8)
      '@ai-sdk/ui-utils': 0.0.46(zod@3.23.8)
      sswr: 2.1.0(svelte@4.2.19)
    optionalDependencies:
      svelte: 4.2.19
    transitivePeerDependencies:
      - zod

  '@ai-sdk/ui-utils@0.0.46(zod@3.23.8)':
    dependencies:
      '@ai-sdk/provider': 0.0.24
      '@ai-sdk/provider-utils': 1.0.20(zod@3.23.8)
      json-schema: 0.4.0
      secure-json-parse: 2.7.0
      zod-to-json-schema: 3.23.2(zod@3.23.8)
    optionalDependencies:
      zod: 3.23.8

  '@ai-sdk/vue@0.0.54(vue@3.5.11)(zod@3.23.8)':
    dependencies:
      '@ai-sdk/provider-utils': 1.0.20(zod@3.23.8)
      '@ai-sdk/ui-utils': 0.0.46(zod@3.23.8)
      swrv: 1.0.4(vue@3.5.11)
    optionalDependencies:
      vue: 3.5.11
    transitivePeerDependencies:
      - zod

  '@ampproject/remapping@2.3.0':
    dependencies:
      '@jridgewell/gen-mapping': 0.3.5
      '@jridgewell/trace-mapping': 0.3.25

  '@babel/helper-string-parser@7.25.7': {}

  '@babel/helper-validator-identifier@7.25.7': {}

  '@babel/parser@7.25.7':
    dependencies:
      '@babel/types': 7.25.7

  '@babel/types@7.25.7':
    dependencies:
      '@babel/helper-string-parser': 7.25.7
      '@babel/helper-validator-identifier': 7.25.7
      to-fast-properties: 2.0.0

  '@jridgewell/gen-mapping@0.3.5':
    dependencies:
      '@jridgewell/set-array': 1.2.1
      '@jridgewell/sourcemap-codec': 1.5.0
      '@jridgewell/trace-mapping': 0.3.25

  '@jridgewell/resolve-uri@3.1.2': {}

  '@jridgewell/set-array@1.2.1': {}

  '@jridgewell/sourcemap-codec@1.5.0': {}

  '@jridgewell/trace-mapping@0.3.25':
    dependencies:
      '@jridgewell/resolve-uri': 3.1.2
      '@jridgewell/sourcemap-codec': 1.5.0

  '@opentelemetry/api@1.9.0': {}

  '@types/diff-match-patch@1.0.36': {}

  '@types/estree@1.0.6': {}

  '@types/node-fetch@2.6.11':
    dependencies:
      '@types/node': 18.19.54
      form-data: 4.0.0

  '@types/node@18.19.54':
    dependencies:
      undici-types: 5.26.5

  '@vue/compiler-core@3.5.11':
    dependencies:
      '@babel/parser': 7.25.7
      '@vue/shared': 3.5.11
      entities: 4.5.0
      estree-walker: 2.0.2
      source-map-js: 1.2.1

  '@vue/compiler-dom@3.5.11':
    dependencies:
      '@vue/compiler-core': 3.5.11
      '@vue/shared': 3.5.11

  '@vue/compiler-sfc@3.5.11':
    dependencies:
      '@babel/parser': 7.25.7
      '@vue/compiler-core': 3.5.11
      '@vue/compiler-dom': 3.5.11
      '@vue/compiler-ssr': 3.5.11
      '@vue/shared': 3.5.11
      estree-walker: 2.0.2
      magic-string: 0.30.11
      postcss: 8.4.47
      source-map-js: 1.2.1

  '@vue/compiler-ssr@3.5.11':
    dependencies:
      '@vue/compiler-dom': 3.5.11
      '@vue/shared': 3.5.11

  '@vue/reactivity@3.5.11':
    dependencies:
      '@vue/shared': 3.5.11

  '@vue/runtime-core@3.5.11':
    dependencies:
      '@vue/reactivity': 3.5.11
      '@vue/shared': 3.5.11

  '@vue/runtime-dom@3.5.11':
    dependencies:
      '@vue/reactivity': 3.5.11
      '@vue/runtime-core': 3.5.11
      '@vue/shared': 3.5.11
      csstype: 3.1.3

  '@vue/server-renderer@3.5.11(vue@3.5.11)':
    dependencies:
      '@vue/compiler-ssr': 3.5.11
      '@vue/shared': 3.5.11
      vue: 3.5.11

  '@vue/shared@3.5.11': {}

  abort-controller@3.0.0:
    dependencies:
      event-target-shim: 5.0.1

  acorn@8.12.1: {}

  agentkeepalive@4.5.0:
    dependencies:
      humanize-ms: 1.2.1

  ai@3.4.9(openai@4.67.1(zod@3.23.8))(react@18.3.1)(sswr@2.1.0(svelte@4.2.19))(svelte@4.2.19)(vue@3.5.11)(zod@3.23.8):
    dependencies:
      '@ai-sdk/provider': 0.0.24
      '@ai-sdk/provider-utils': 1.0.20(zod@3.23.8)
      '@ai-sdk/react': 0.0.62(react@18.3.1)(zod@3.23.8)
      '@ai-sdk/solid': 0.0.49(zod@3.23.8)
      '@ai-sdk/svelte': 0.0.51(svelte@4.2.19)(zod@3.23.8)
      '@ai-sdk/ui-utils': 0.0.46(zod@3.23.8)
      '@ai-sdk/vue': 0.0.54(vue@3.5.11)(zod@3.23.8)
      '@opentelemetry/api': 1.9.0
      eventsource-parser: 1.1.2
      json-schema: 0.4.0
      jsondiffpatch: 0.6.0
      nanoid: 3.3.6
      secure-json-parse: 2.7.0
      zod-to-json-schema: 3.23.2(zod@3.23.8)
    optionalDependencies:
      openai: 4.67.1(zod@3.23.8)
      react: 18.3.1
      sswr: 2.1.0(svelte@4.2.19)
      svelte: 4.2.19
      zod: 3.23.8
    transitivePeerDependencies:
      - solid-js
      - vue

  aria-query@5.3.2: {}

  asynckit@0.4.0: {}

  axobject-query@4.1.0: {}

  chalk@5.3.0: {}

  client-only@0.0.1: {}

  code-red@1.0.4:
    dependencies:
      '@jridgewell/sourcemap-codec': 1.5.0
      '@types/estree': 1.0.6
      acorn: 8.12.1
      estree-walker: 3.0.3
      periscopic: 3.1.0

  combined-stream@1.0.8:
    dependencies:
      delayed-stream: 1.0.0

  css-tree@2.3.1:
    dependencies:
      mdn-data: 2.0.30
      source-map-js: 1.2.1

  csstype@3.1.3: {}

  delayed-stream@1.0.0: {}

  diff-match-patch@1.0.5: {}

  entities@4.5.0: {}

  estree-walker@2.0.2: {}

  estree-walker@3.0.3:
    dependencies:
      '@types/estree': 1.0.6

  event-target-shim@5.0.1: {}

  eventsource-parser@1.1.2: {}

  form-data-encoder@1.7.2: {}

  form-data@4.0.0:
    dependencies:
      asynckit: 0.4.0
      combined-stream: 1.0.8
      mime-types: 2.1.35

  formdata-node@4.4.1:
    dependencies:
      node-domexception: 1.0.0
      web-streams-polyfill: 4.0.0-beta.3

  humanize-ms@1.2.1:
    dependencies:
      ms: 2.1.3

  is-reference@3.0.2:
    dependencies:
      '@types/estree': 1.0.6

  js-tokens@4.0.0: {}

  json-schema@0.4.0: {}

  jsondiffpatch@0.6.0:
    dependencies:
      '@types/diff-match-patch': 1.0.36
      chalk: 5.3.0
      diff-match-patch: 1.0.5

  locate-character@3.0.0: {}

  loose-envify@1.4.0:
    dependencies:
      js-tokens: 4.0.0

  magic-string@0.30.11:
    dependencies:
      '@jridgewell/sourcemap-codec': 1.5.0

  mdn-data@2.0.30: {}

  mime-db@1.52.0: {}

  mime-types@2.1.35:
    dependencies:
      mime-db: 1.52.0

  ms@2.1.3: {}

  nanoid@3.3.6: {}

  nanoid@3.3.7: {}

  node-domexception@1.0.0: {}

  node-fetch@2.7.0:
    dependencies:
      whatwg-url: 5.0.0

  openai@4.67.1(zod@3.23.8):
    dependencies:
      '@types/node': 18.19.54
      '@types/node-fetch': 2.6.11
      abort-controller: 3.0.0
      agentkeepalive: 4.5.0
      form-data-encoder: 1.7.2
      formdata-node: 4.4.1
      node-fetch: 2.7.0
    optionalDependencies:
      zod: 3.23.8
    transitivePeerDependencies:
      - encoding

  periscopic@3.1.0:
    dependencies:
      '@types/estree': 1.0.6
      estree-walker: 3.0.3
      is-reference: 3.0.2

  picocolors@1.1.0: {}

  postcss@8.4.47:
    dependencies:
      nanoid: 3.3.7
      picocolors: 1.1.0
      source-map-js: 1.2.1

  react@18.3.1:
    dependencies:
      loose-envify: 1.4.0

  secure-json-parse@2.7.0: {}

  source-map-js@1.2.1: {}

  sswr@2.1.0(svelte@4.2.19):
    dependencies:
      svelte: 4.2.19
      swrev: 4.0.0

  svelte@4.2.19:
    dependencies:
      '@ampproject/remapping': 2.3.0
      '@jridgewell/sourcemap-codec': 1.5.0
      '@jridgewell/trace-mapping': 0.3.25
      '@types/estree': 1.0.6
      acorn: 8.12.1
      aria-query: 5.3.2
      axobject-query: 4.1.0
      code-red: 1.0.4
      css-tree: 2.3.1
      estree-walker: 3.0.3
      is-reference: 3.0.2
      locate-character: 3.0.0
      magic-string: 0.30.11
      periscopic: 3.1.0

  swr@2.2.5(react@18.3.1):
    dependencies:
      client-only: 0.0.1
      react: 18.3.1
      use-sync-external-store: 1.2.2(react@18.3.1)

  swrev@4.0.0: {}

  swrv@1.0.4(vue@3.5.11):
    dependencies:
      vue: 3.5.11

  to-fast-properties@2.0.0: {}

  tr46@0.0.3: {}

  undici-types@5.26.5: {}

  use-sync-external-store@1.2.2(react@18.3.1):
    dependencies:
      react: 18.3.1

  vue@3.5.11:
    dependencies:
      '@vue/compiler-dom': 3.5.11
      '@vue/compiler-sfc': 3.5.11
      '@vue/runtime-dom': 3.5.11
      '@vue/server-renderer': 3.5.11(vue@3.5.11)
      '@vue/shared': 3.5.11

  web-streams-polyfill@4.0.0-beta.3: {}

  webidl-conversions@3.0.1: {}

  whatwg-url@5.0.0:
    dependencies:
      tr46: 0.0.3
      webidl-conversions: 3.0.1

  zod-to-json-schema@3.23.2(zod@3.23.8):
    dependencies:
      zod: 3.23.8

  zod@3.23.8: {}
